// !$*UTF8*$!
{
	archiveVersion = 1;
	classes = {
	};
	objectVersion = 51;
	objects = {

/* Begin PBXBuildFile section */
		1706149D262FA34900F99C01 /* SurveyViewController.swift in Sources */ = {isa = PBXBuildFile; fileRef = 1706149C262FA34900F99C01 /* SurveyViewController.swift */; };
		170614A1262FB53B00F99C01 /* MyJourneyViewController.swift in Sources */ = {isa = PBXBuildFile; fileRef = 170614A0262FB53B00F99C01 /* MyJourneyViewController.swift */; };
		174FA1D4262E41B700D6D6D5 /* profileViewController.swift in Sources */ = {isa = PBXBuildFile; fileRef = 174FA1D3262E41B700D6D6D5 /* profileViewController.swift */; };
		174FA1D8262E41D400D6D6D5 /* loginViewController.swift in Sources */ = {isa = PBXBuildFile; fileRef = 174FA1D7262E41D400D6D6D5 /* loginViewController.swift */; };
		174FA1DB262E41E200D6D6D5 /* signUpViewController.swift in Sources */ = {isa = PBXBuildFile; fileRef = 174FA1DA262E41E200D6D6D5 /* signUpViewController.swift */; };
		17715CF526276CF800BB549C /* progress.swift in Sources */ = {isa = PBXBuildFile; fileRef = 17715CF426276CF800BB549C /* progress.swift */; };
		17715CFD26277B2700BB549C /* calculatorViewController.swift in Sources */ = {isa = PBXBuildFile; fileRef = 17715CFC26277B2700BB549C /* calculatorViewController.swift */; };
		1787812C262F673C00F8DAD1 /* FunctionsSuper.swift in Sources */ = {isa = PBXBuildFile; fileRef = 1787812B262F673C00F8DAD1 /* FunctionsSuper.swift */; };
		17A17D7E262E338D00FF94A7 /* GoogleService-Info.plist in Resources */ = {isa = PBXBuildFile; fileRef = 17A17D7D262E338C00FF94A7 /* GoogleService-Info.plist */; };
		17B873DE262B691D00A5CC8B /* calculatorViewControllerV2.swift in Sources */ = {isa = PBXBuildFile; fileRef = 17B873DD262B691D00A5CC8B /* calculatorViewControllerV2.swift */; };
		17B873E1262B863000A5CC8B /* confirmUpdatesViewController.swift in Sources */ = {isa = PBXBuildFile; fileRef = 17B873E0262B863000A5CC8B /* confirmUpdatesViewController.swift */; };
		17B873E4262E06AC00A5CC8B /* locationConfirmUpdateViewController.swift in Sources */ = {isa = PBXBuildFile; fileRef = 17B873E3262E06AC00A5CC8B /* locationConfirmUpdateViewController.swift */; };
		3FACF76A2630CF2F00936043 /* AnimationViewController.swift in Sources */ = {isa = PBXBuildFile; fileRef = 3FACF7692630CF2F00936043 /* AnimationViewController.swift */; };
		3FACF76D2630D11C00936043 /* HomeViewController.swift in Sources */ = {isa = PBXBuildFile; fileRef = 3FACF76C2630D11C00936043 /* HomeViewController.swift */; };
		3FEA3B3D2620DDBB00476EE1 /* LeaderboardViewController.swift in Sources */ = {isa = PBXBuildFile; fileRef = 3FEA3B3C2620DDBB00476EE1 /* LeaderboardViewController.swift */; };
		3FEA3B482620EFAD00476EE1 /* Profile.swift in Sources */ = {isa = PBXBuildFile; fileRef = 3FEA3B472620EFAD00476EE1 /* Profile.swift */; };
		49CBC0B2CDAF56F9F57260B8 /* Pods_Climascale.framework in Frameworks */ = {isa = PBXBuildFile; fileRef = 13CBCFFF0250BDCA1AA79637 /* Pods_Climascale.framework */; };
		B66775062602C6FB008AE509 /* AppDelegate.swift in Sources */ = {isa = PBXBuildFile; fileRef = B66775052602C6FB008AE509 /* AppDelegate.swift */; };
		B66775082602C6FB008AE509 /* SceneDelegate.swift in Sources */ = {isa = PBXBuildFile; fileRef = B66775072602C6FB008AE509 /* SceneDelegate.swift */; };
		B667750A2602C6FB008AE509 /* ViewController.swift in Sources */ = {isa = PBXBuildFile; fileRef = B66775092602C6FB008AE509 /* ViewController.swift */; };
		B667750D2602C6FB008AE509 /* Main.storyboard in Resources */ = {isa = PBXBuildFile; fileRef = B667750B2602C6FB008AE509 /* Main.storyboard */; };
		B667750F2602C6FC008AE509 /* Assets.xcassets in Resources */ = {isa = PBXBuildFile; fileRef = B667750E2602C6FC008AE509 /* Assets.xcassets */; };
		B66775122602C6FC008AE509 /* LaunchScreen.storyboard in Resources */ = {isa = PBXBuildFile; fileRef = B66775102602C6FC008AE509 /* LaunchScreen.storyboard */; };
/* End PBXBuildFile section */

/* Begin PBXFileReference section */
		13CBCFFF0250BDCA1AA79637 /* Pods_Climascale.framework */ = {isa = PBXFileReference; explicitFileType = wrapper.framework; includeInIndex = 0; path = Pods_Climascale.framework; sourceTree = BUILT_PRODUCTS_DIR; };
		1706149C262FA34900F99C01 /* SurveyViewController.swift */ = {isa = PBXFileReference; lastKnownFileType = sourcecode.swift; path = SurveyViewController.swift; sourceTree = "<group>"; };
		170614A0262FB53B00F99C01 /* MyJourneyViewController.swift */ = {isa = PBXFileReference; lastKnownFileType = sourcecode.swift; name = MyJourneyViewController.swift; path = Climascale/storyBoards/MyJourneyViewController.swift; sourceTree = SOURCE_ROOT; };
		174FA1D3262E41B700D6D6D5 /* profileViewController.swift */ = {isa = PBXFileReference; lastKnownFileType = sourcecode.swift; path = profileViewController.swift; sourceTree = "<group>"; };
		174FA1D7262E41D400D6D6D5 /* loginViewController.swift */ = {isa = PBXFileReference; lastKnownFileType = sourcecode.swift; path = loginViewController.swift; sourceTree = "<group>"; };
		174FA1DA262E41E200D6D6D5 /* signUpViewController.swift */ = {isa = PBXFileReference; lastKnownFileType = sourcecode.swift; path = signUpViewController.swift; sourceTree = "<group>"; };
		17715CF426276CF800BB549C /* progress.swift */ = {isa = PBXFileReference; lastKnownFileType = sourcecode.swift; path = progress.swift; sourceTree = "<group>"; };
		17715CFC26277B2700BB549C /* calculatorViewController.swift */ = {isa = PBXFileReference; lastKnownFileType = sourcecode.swift; path = calculatorViewController.swift; sourceTree = "<group>"; };
		1787812B262F673C00F8DAD1 /* FunctionsSuper.swift */ = {isa = PBXFileReference; lastKnownFileType = sourcecode.swift; path = FunctionsSuper.swift; sourceTree = "<group>"; };
		17A17D7D262E338C00FF94A7 /* GoogleService-Info.plist */ = {isa = PBXFileReference; fileEncoding = 4; lastKnownFileType = text.plist.xml; path = "GoogleService-Info.plist"; sourceTree = "<group>"; };
		17B873DD262B691D00A5CC8B /* calculatorViewControllerV2.swift */ = {isa = PBXFileReference; lastKnownFileType = sourcecode.swift; name = calculatorViewControllerV2.swift; path = Climascale/storyBoards/calculatorViewControllerV2.swift; sourceTree = SOURCE_ROOT; };
		17B873E0262B863000A5CC8B /* confirmUpdatesViewController.swift */ = {isa = PBXFileReference; lastKnownFileType = sourcecode.swift; path = confirmUpdatesViewController.swift; sourceTree = "<group>"; };
		17B873E3262E06AC00A5CC8B /* locationConfirmUpdateViewController.swift */ = {isa = PBXFileReference; lastKnownFileType = sourcecode.swift; path = locationConfirmUpdateViewController.swift; sourceTree = "<group>"; };
		3FACF7692630CF2F00936043 /* AnimationViewController.swift */ = {isa = PBXFileReference; lastKnownFileType = sourcecode.swift; path = AnimationViewController.swift; sourceTree = "<group>"; };
		3FACF76C2630D11C00936043 /* HomeViewController.swift */ = {isa = PBXFileReference; lastKnownFileType = sourcecode.swift; path = HomeViewController.swift; sourceTree = "<group>"; };
		3FEA3B3C2620DDBB00476EE1 /* LeaderboardViewController.swift */ = {isa = PBXFileReference; lastKnownFileType = sourcecode.swift; path = LeaderboardViewController.swift; sourceTree = "<group>"; };
		3FEA3B472620EFAD00476EE1 /* Profile.swift */ = {isa = PBXFileReference; lastKnownFileType = sourcecode.swift; path = Profile.swift; sourceTree = "<group>"; };
		A28FE71B1887243BA876BD7E /* Pods-Climascale.release.xcconfig */ = {isa = PBXFileReference; includeInIndex = 1; lastKnownFileType = text.xcconfig; name = "Pods-Climascale.release.xcconfig"; path = "Target Support Files/Pods-Climascale/Pods-Climascale.release.xcconfig"; sourceTree = "<group>"; };
		B66775022602C6FB008AE509 /* Climascale.app */ = {isa = PBXFileReference; explicitFileType = wrapper.application; includeInIndex = 0; path = Climascale.app; sourceTree = BUILT_PRODUCTS_DIR; };
		B66775052602C6FB008AE509 /* AppDelegate.swift */ = {isa = PBXFileReference; lastKnownFileType = sourcecode.swift; path = AppDelegate.swift; sourceTree = "<group>"; };
		B66775072602C6FB008AE509 /* SceneDelegate.swift */ = {isa = PBXFileReference; lastKnownFileType = sourcecode.swift; path = SceneDelegate.swift; sourceTree = "<group>"; };
		B66775092602C6FB008AE509 /* ViewController.swift */ = {isa = PBXFileReference; lastKnownFileType = sourcecode.swift; path = ViewController.swift; sourceTree = "<group>"; };
		B667750C2602C6FB008AE509 /* Base */ = {isa = PBXFileReference; lastKnownFileType = file.storyboard; name = Base; path = Base.lproj/Main.storyboard; sourceTree = "<group>"; };
		B667750E2602C6FC008AE509 /* Assets.xcassets */ = {isa = PBXFileReference; lastKnownFileType = folder.assetcatalog; path = Assets.xcassets; sourceTree = "<group>"; };
		B66775112602C6FC008AE509 /* Base */ = {isa = PBXFileReference; lastKnownFileType = file.storyboard; name = Base; path = Base.lproj/LaunchScreen.storyboard; sourceTree = "<group>"; };
		B66775132602C6FC008AE509 /* Info.plist */ = {isa = PBXFileReference; lastKnownFileType = text.plist.xml; path = Info.plist; sourceTree = "<group>"; };
		E5A5F740BE11ED4EE62D5A7D /* Pods-Climascale.debug.xcconfig */ = {isa = PBXFileReference; includeInIndex = 1; lastKnownFileType = text.xcconfig; name = "Pods-Climascale.debug.xcconfig"; path = "Target Support Files/Pods-Climascale/Pods-Climascale.debug.xcconfig"; sourceTree = "<group>"; };
/* End PBXFileReference section */

/* Begin PBXFrameworksBuildPhase section */
		B66774FF2602C6FB008AE509 /* Frameworks */ = {
			isa = PBXFrameworksBuildPhase;
			buildActionMask = 2147483647;
			files = (
				49CBC0B2CDAF56F9F57260B8 /* Pods_Climascale.framework in Frameworks */,
			);
			runOnlyForDeploymentPostprocessing = 0;
		};
/* End PBXFrameworksBuildPhase section */

/* Begin PBXGroup section */
		17715CF726277A9100BB549C /* storyBoards */ = {
			isa = PBXGroup;
			children = (
				B66775102602C6FC008AE509 /* LaunchScreen.storyboard */,
				B667750B2602C6FB008AE509 /* Main.storyboard */,
			);
			path = storyBoards;
			sourceTree = "<group>";
		};
		17715CF926277ABE00BB549C /* viewControllers */ = {
			isa = PBXGroup;
			children = (
				170614A0262FB53B00F99C01 /* MyJourneyViewController.swift */,
				17B873DD262B691D00A5CC8B /* calculatorViewControllerV2.swift */,
				B66775092602C6FB008AE509 /* ViewController.swift */,
				17715CFC26277B2700BB549C /* calculatorViewController.swift */,
				17B873E0262B863000A5CC8B /* confirmUpdatesViewController.swift */,
				17B873E3262E06AC00A5CC8B /* locationConfirmUpdateViewController.swift */,
				174FA1D3262E41B700D6D6D5 /* profileViewController.swift */,
				174FA1D7262E41D400D6D6D5 /* loginViewController.swift */,
				174FA1DA262E41E200D6D6D5 /* signUpViewController.swift */,
				1706149C262FA34900F99C01 /* SurveyViewController.swift */,
			);
			path = viewControllers;
			sourceTree = "<group>";
		};
		17715CFB26277AEA00BB549C /* custom */ = {
			isa = PBXGroup;
			children = (
				17715CF426276CF800BB549C /* progress.swift */,
				1787812B262F673C00F8DAD1 /* FunctionsSuper.swift */,
			);
			path = custom;
			sourceTree = "<group>";
		};
		8B3361FBB718CA4F4218AFAA /* Pods */ = {
			isa = PBXGroup;
			children = (
				E5A5F740BE11ED4EE62D5A7D /* Pods-Climascale.debug.xcconfig */,
				A28FE71B1887243BA876BD7E /* Pods-Climascale.release.xcconfig */,
			);
			path = Pods;
			sourceTree = "<group>";
		};
		9C63E75438989B81F33EB2A9 /* Frameworks */ = {
			isa = PBXGroup;
			children = (
				13CBCFFF0250BDCA1AA79637 /* Pods_Climascale.framework */,
			);
			name = Frameworks;
			sourceTree = "<group>";
		};
		B66774F92602C6FB008AE509 = {
			isa = PBXGroup;
			children = (
				3FACF76C2630D11C00936043 /* HomeViewController.swift */,
				3FACF7692630CF2F00936043 /* AnimationViewController.swift */,
				3FEA3B472620EFAD00476EE1 /* Profile.swift */,
				3FEA3B3C2620DDBB00476EE1 /* LeaderboardViewController.swift */,
				B66775042602C6FB008AE509 /* Climascale */,
				B66775032602C6FB008AE509 /* Products */,
				8B3361FBB718CA4F4218AFAA /* Pods */,
				9C63E75438989B81F33EB2A9 /* Frameworks */,
			);
			sourceTree = "<group>";
		};
		B66775032602C6FB008AE509 /* Products */ = {
			isa = PBXGroup;
			children = (
				B66775022602C6FB008AE509 /* Climascale.app */,
			);
			name = Products;
			sourceTree = "<group>";
		};
		B66775042602C6FB008AE509 /* Climascale */ = {
			isa = PBXGroup;
			children = (
				17715CFB26277AEA00BB549C /* custom */,
				17715CF926277ABE00BB549C /* viewControllers */,
				17715CF726277A9100BB549C /* storyBoards */,
				B66775052602C6FB008AE509 /* AppDelegate.swift */,
				B66775072602C6FB008AE509 /* SceneDelegate.swift */,
				B667750E2602C6FC008AE509 /* Assets.xcassets */,
				B66775132602C6FC008AE509 /* Info.plist */,
				17A17D7D262E338C00FF94A7 /* GoogleService-Info.plist */,
			);
			path = Climascale;
			sourceTree = "<group>";
		};
/* End PBXGroup section */

/* Begin PBXNativeTarget section */
		B66775012602C6FB008AE509 /* Climascale */ = {
			isa = PBXNativeTarget;
			buildConfigurationList = B66775162602C6FC008AE509 /* Build configuration list for PBXNativeTarget "Climascale" */;
			buildPhases = (
				69009293B091B81D35BD783D /* [CP] Check Pods Manifest.lock */,
				B66774FE2602C6FB008AE509 /* Sources */,
				B66774FF2602C6FB008AE509 /* Frameworks */,
				B66775002602C6FB008AE509 /* Resources */,
				33464BB58EFF35E2FF9FA6D1 /* [CP] Embed Pods Frameworks */,
			);
			buildRules = (
			);
			dependencies = (
			);
			name = Climascale;
			productName = Climascale;
			productReference = B66775022602C6FB008AE509 /* Climascale.app */;
			productType = "com.apple.product-type.application";
		};
/* End PBXNativeTarget section */

/* Begin PBXProject section */
		B66774FA2602C6FB008AE509 /* Project object */ = {
			isa = PBXProject;
			attributes = {
				LastSwiftUpdateCheck = 1240;
				LastUpgradeCheck = 1240;
				TargetAttributes = {
					B66775012602C6FB008AE509 = {
						CreatedOnToolsVersion = 12.4;
					};
				};
			};
			buildConfigurationList = B66774FD2602C6FB008AE509 /* Build configuration list for PBXProject "Climascale" */;
			compatibilityVersion = "Xcode 9.3";
			developmentRegion = en;
			hasScannedForEncodings = 0;
			knownRegions = (
				en,
				Base,
			);
			mainGroup = B66774F92602C6FB008AE509;
			productRefGroup = B66775032602C6FB008AE509 /* Products */;
			projectDirPath = "";
			projectRoot = "";
			targets = (
				B66775012602C6FB008AE509 /* Climascale */,
			);
		};
/* End PBXProject section */

/* Begin PBXResourcesBuildPhase section */
		B66775002602C6FB008AE509 /* Resources */ = {
			isa = PBXResourcesBuildPhase;
			buildActionMask = 2147483647;
			files = (
				B66775122602C6FC008AE509 /* LaunchScreen.storyboard in Resources */,
				17A17D7E262E338D00FF94A7 /* GoogleService-Info.plist in Resources */,
				B667750F2602C6FC008AE509 /* Assets.xcassets in Resources */,
				B667750D2602C6FB008AE509 /* Main.storyboard in Resources */,
			);
			runOnlyForDeploymentPostprocessing = 0;
		};
/* End PBXResourcesBuildPhase section */

/* Begin PBXShellScriptBuildPhase section */
		33464BB58EFF35E2FF9FA6D1 /* [CP] Embed Pods Frameworks */ = {
			isa = PBXShellScriptBuildPhase;
			buildActionMask = 2147483647;
			files = (
			);
			inputFileListPaths = (
				"${PODS_ROOT}/Target Support Files/Pods-Climascale/Pods-Climascale-frameworks-${CONFIGURATION}-input-files.xcfilelist",
			);
			name = "[CP] Embed Pods Frameworks";
			outputFileListPaths = (
				"${PODS_ROOT}/Target Support Files/Pods-Climascale/Pods-Climascale-frameworks-${CONFIGURATION}-output-files.xcfilelist",
			);
			runOnlyForDeploymentPostprocessing = 0;
			shellPath = /bin/sh;
			shellScript = "\"${PODS_ROOT}/Target Support Files/Pods-Climascale/Pods-Climascale-frameworks.sh\"\n";
			showEnvVarsInLog = 0;
		};
		69009293B091B81D35BD783D /* [CP] Check Pods Manifest.lock */ = {
			isa = PBXShellScriptBuildPhase;
			buildActionMask = 2147483647;
			files = (
			);
			inputFileListPaths = (
			);
			inputPaths = (
				"${PODS_PODFILE_DIR_PATH}/Podfile.lock",
				"${PODS_ROOT}/Manifest.lock",
			);
			name = "[CP] Check Pods Manifest.lock";
			outputFileListPaths = (
			);
			outputPaths = (
				"$(DERIVED_FILE_DIR)/Pods-Climascale-checkManifestLockResult.txt",
			);
			runOnlyForDeploymentPostprocessing = 0;
			shellPath = /bin/sh;
			shellScript = "diff \"${PODS_PODFILE_DIR_PATH}/Podfile.lock\" \"${PODS_ROOT}/Manifest.lock\" > /dev/null\nif [ $? != 0 ] ; then\n    # print error to STDERR\n    echo \"error: The sandbox is not in sync with the Podfile.lock. Run 'pod install' or update your CocoaPods installation.\" >&2\n    exit 1\nfi\n# This output is used by Xcode 'outputs' to avoid re-running this script phase.\necho \"SUCCESS\" > \"${SCRIPT_OUTPUT_FILE_0}\"\n";
			showEnvVarsInLog = 0;
		};
/* End PBXShellScriptBuildPhase section */

/* Begin PBXSourcesBuildPhase section */
		B66774FE2602C6FB008AE509 /* Sources */ = {
			isa = PBXSourcesBuildPhase;
			buildActionMask = 2147483647;
			files = (
				17B873DE262B691D00A5CC8B /* calculatorViewControllerV2.swift in Sources */,
				17B873E4262E06AC00A5CC8B /* locationConfirmUpdateViewController.swift in Sources */,
				17715CFD26277B2700BB549C /* calculatorViewController.swift in Sources */,
				1787812C262F673C00F8DAD1 /* FunctionsSuper.swift in Sources */,
				1706149D262FA34900F99C01 /* SurveyViewController.swift in Sources */,
				3FACF76D2630D11C00936043 /* HomeViewController.swift in Sources */,
				17B873E1262B863000A5CC8B /* confirmUpdatesViewController.swift in Sources */,
				B667750A2602C6FB008AE509 /* ViewController.swift in Sources */,
				174FA1DB262E41E200D6D6D5 /* signUpViewController.swift in Sources */,
				3FACF76A2630CF2F00936043 /* AnimationViewController.swift in Sources */,
				3FEA3B482620EFAD00476EE1 /* Profile.swift in Sources */,
				170614A1262FB53B00F99C01 /* MyJourneyViewController.swift in Sources */,
				174FA1D4262E41B700D6D6D5 /* profileViewController.swift in Sources */,
				17715CF526276CF800BB549C /* progress.swift in Sources */,
				174FA1D8262E41D400D6D6D5 /* loginViewController.swift in Sources */,
				B66775062602C6FB008AE509 /* AppDelegate.swift in Sources */,
				3FEA3B3D2620DDBB00476EE1 /* LeaderboardViewController.swift in Sources */,
				B66775082602C6FB008AE509 /* SceneDelegate.swift in Sources */,
			);
			runOnlyForDeploymentPostprocessing = 0;
		};
/* End PBXSourcesBuildPhase section */

/* Begin PBXVariantGroup section */
		B667750B2602C6FB008AE509 /* Main.storyboard */ = {
			isa = PBXVariantGroup;
			children = (
				B667750C2602C6FB008AE509 /* Base */,
			);
			name = Main.storyboard;
			sourceTree = "<group>";
		};
		B66775102602C6FC008AE509 /* LaunchScreen.storyboard */ = {
			isa = PBXVariantGroup;
			children = (
				B66775112602C6FC008AE509 /* Base */,
			);
			name = LaunchScreen.storyboard;
			sourceTree = "<group>";
		};
/* End PBXVariantGroup section */

/* Begin XCBuildConfiguration section */
		B66775142602C6FC008AE509 /* Debug */ = {
			isa = XCBuildConfiguration;
			buildSettings = {
				ALWAYS_SEARCH_USER_PATHS = NO;
				CLANG_ANALYZER_NONNULL = YES;
				CLANG_ANALYZER_NUMBER_OBJECT_CONVERSION = YES_AGGRESSIVE;
				CLANG_CXX_LANGUAGE_STANDARD = "gnu++14";
				CLANG_CXX_LIBRARY = "libc++";
				CLANG_ENABLE_MODULES = YES;
				CLANG_ENABLE_OBJC_ARC = YES;
				CLANG_ENABLE_OBJC_WEAK = YES;
				CLANG_WARN_BLOCK_CAPTURE_AUTORELEASING = YES;
				CLANG_WARN_BOOL_CONVERSION = YES;
				CLANG_WARN_COMMA = YES;
				CLANG_WARN_CONSTANT_CONVERSION = YES;
				CLANG_WARN_DEPRECATED_OBJC_IMPLEMENTATIONS = YES;
				CLANG_WARN_DIRECT_OBJC_ISA_USAGE = YES_ERROR;
				CLANG_WARN_DOCUMENTATION_COMMENTS = YES;
				CLANG_WARN_EMPTY_BODY = YES;
				CLANG_WARN_ENUM_CONVERSION = YES;
				CLANG_WARN_INFINITE_RECURSION = YES;
				CLANG_WARN_INT_CONVERSION = YES;
				CLANG_WARN_NON_LITERAL_NULL_CONVERSION = YES;
				CLANG_WARN_OBJC_IMPLICIT_RETAIN_SELF = YES;
				CLANG_WARN_OBJC_LITERAL_CONVERSION = YES;
				CLANG_WARN_OBJC_ROOT_CLASS = YES_ERROR;
				CLANG_WARN_QUOTED_INCLUDE_IN_FRAMEWORK_HEADER = YES;
				CLANG_WARN_RANGE_LOOP_ANALYSIS = YES;
				CLANG_WARN_STRICT_PROTOTYPES = YES;
				CLANG_WARN_SUSPICIOUS_MOVE = YES;
				CLANG_WARN_UNGUARDED_AVAILABILITY = YES_AGGRESSIVE;
				CLANG_WARN_UNREACHABLE_CODE = YES;
				CLANG_WARN__DUPLICATE_METHOD_MATCH = YES;
				COPY_PHASE_STRIP = NO;
				DEBUG_INFORMATION_FORMAT = dwarf;
				ENABLE_STRICT_OBJC_MSGSEND = YES;
				ENABLE_TESTABILITY = YES;
				GCC_C_LANGUAGE_STANDARD = gnu11;
				GCC_DYNAMIC_NO_PIC = NO;
				GCC_NO_COMMON_BLOCKS = YES;
				GCC_OPTIMIZATION_LEVEL = 0;
				GCC_PREPROCESSOR_DEFINITIONS = (
					"DEBUG=1",
					"$(inherited)",
				);
				GCC_WARN_64_TO_32_BIT_CONVERSION = YES;
				GCC_WARN_ABOUT_RETURN_TYPE = YES_ERROR;
				GCC_WARN_UNDECLARED_SELECTOR = YES;
				GCC_WARN_UNINITIALIZED_AUTOS = YES_AGGRESSIVE;
				GCC_WARN_UNUSED_FUNCTION = YES;
				GCC_WARN_UNUSED_VARIABLE = YES;
				IPHONEOS_DEPLOYMENT_TARGET = 14.4;
				MTL_ENABLE_DEBUG_INFO = INCLUDE_SOURCE;
				MTL_FAST_MATH = YES;
				ONLY_ACTIVE_ARCH = YES;
				SDKROOT = iphoneos;
				SWIFT_ACTIVE_COMPILATION_CONDITIONS = DEBUG;
				SWIFT_OPTIMIZATION_LEVEL = "-Onone";
			};
			name = Debug;
		};
		B66775152602C6FC008AE509 /* Release */ = {
			isa = XCBuildConfiguration;
			buildSettings = {
				ALWAYS_SEARCH_USER_PATHS = NO;
				CLANG_ANALYZER_NONNULL = YES;
				CLANG_ANALYZER_NUMBER_OBJECT_CONVERSION = YES_AGGRESSIVE;
				CLANG_CXX_LANGUAGE_STANDARD = "gnu++14";
				CLANG_CXX_LIBRARY = "libc++";
				CLANG_ENABLE_MODULES = YES;
				CLANG_ENABLE_OBJC_ARC = YES;
				CLANG_ENABLE_OBJC_WEAK = YES;
				CLANG_WARN_BLOCK_CAPTURE_AUTORELEASING = YES;
				CLANG_WARN_BOOL_CONVERSION = YES;
				CLANG_WARN_COMMA = YES;
				CLANG_WARN_CONSTANT_CONVERSION = YES;
				CLANG_WARN_DEPRECATED_OBJC_IMPLEMENTATIONS = YES;
				CLANG_WARN_DIRECT_OBJC_ISA_USAGE = YES_ERROR;
				CLANG_WARN_DOCUMENTATION_COMMENTS = YES;
				CLANG_WARN_EMPTY_BODY = YES;
				CLANG_WARN_ENUM_CONVERSION = YES;
				CLANG_WARN_INFINITE_RECURSION = YES;
				CLANG_WARN_INT_CONVERSION = YES;
				CLANG_WARN_NON_LITERAL_NULL_CONVERSION = YES;
				CLANG_WARN_OBJC_IMPLICIT_RETAIN_SELF = YES;
				CLANG_WARN_OBJC_LITERAL_CONVERSION = YES;
				CLANG_WARN_OBJC_ROOT_CLASS = YES_ERROR;
				CLANG_WARN_QUOTED_INCLUDE_IN_FRAMEWORK_HEADER = YES;
				CLANG_WARN_RANGE_LOOP_ANALYSIS = YES;
				CLANG_WARN_STRICT_PROTOTYPES = YES;
				CLANG_WARN_SUSPICIOUS_MOVE = YES;
				CLANG_WARN_UNGUARDED_AVAILABILITY = YES_AGGRESSIVE;
				CLANG_WARN_UNREACHABLE_CODE = YES;
				CLANG_WARN__DUPLICATE_METHOD_MATCH = YES;
				COPY_PHASE_STRIP = NO;
				DEBUG_INFORMATION_FORMAT = "dwarf-with-dsym";
				ENABLE_NS_ASSERTIONS = NO;
				ENABLE_STRICT_OBJC_MSGSEND = YES;
				GCC_C_LANGUAGE_STANDARD = gnu11;
				GCC_NO_COMMON_BLOCKS = YES;
				GCC_WARN_64_TO_32_BIT_CONVERSION = YES;
				GCC_WARN_ABOUT_RETURN_TYPE = YES_ERROR;
				GCC_WARN_UNDECLARED_SELECTOR = YES;
				GCC_WARN_UNINITIALIZED_AUTOS = YES_AGGRESSIVE;
				GCC_WARN_UNUSED_FUNCTION = YES;
				GCC_WARN_UNUSED_VARIABLE = YES;
				IPHONEOS_DEPLOYMENT_TARGET = 14.4;
				MTL_ENABLE_DEBUG_INFO = NO;
				MTL_FAST_MATH = YES;
				SDKROOT = iphoneos;
				SWIFT_COMPILATION_MODE = wholemodule;
				SWIFT_OPTIMIZATION_LEVEL = "-O";
				VALIDATE_PRODUCT = YES;
			};
			name = Release;
		};
		B66775172602C6FC008AE509 /* Debug */ = {
			isa = XCBuildConfiguration;
			baseConfigurationReference = E5A5F740BE11ED4EE62D5A7D /* Pods-Climascale.debug.xcconfig */;
			buildSettings = {
				ASSETCATALOG_COMPILER_APPICON_NAME = AppIcon;
				ASSETCATALOG_COMPILER_GLOBAL_ACCENT_COLOR_NAME = AccentColor;
				CODE_SIGN_STYLE = Automatic;
				DEVELOPMENT_TEAM = C7VJSSJUTD;
				INFOPLIST_FILE = Climascale/Info.plist;
				LD_RUNPATH_SEARCH_PATHS = (
					"$(inherited)",
					"@executable_path/Frameworks",
				);
				PRODUCT_BUNDLE_IDENTIFIER = com.AdrianClimascale;
				PRODUCT_NAME = "$(TARGET_NAME)";
				SWIFT_VERSION = 5.0;
				TARGETED_DEVICE_FAMILY = 1;
			};
			name = Debug;
		};
		B66775182602C6FC008AE509 /* Release */ = {
			isa = XCBuildConfiguration;
			baseConfigurationReference = A28FE71B1887243BA876BD7E /* Pods-Climascale.release.xcconfig */;
			buildSettings = {
				ASSETCATALOG_COMPILER_APPICON_NAME = AppIcon;
				ASSETCATALOG_COMPILER_GLOBAL_ACCENT_COLOR_NAME = AccentColor;
				CODE_SIGN_STYLE = Automatic;
				DEVELOPMENT_TEAM = C7VJSSJUTD;
				INFOPLIST_FILE = Climascale/Info.plist;
				LD_RUNPATH_SEARCH_PATHS = (
					"$(inherited)",
					"@executable_path/Frameworks",
				);
				PRODUCT_BUNDLE_IDENTIFIER = com.AdrianClimascale;
				PRODUCT_NAME = "$(TARGET_NAME)";
				SWIFT_VERSION = 5.0;
				TARGETED_DEVICE_FAMILY = 1;
			};
			name = Release;
		};
/* End XCBuildConfiguration section */

/* Begin XCConfigurationList section */
		B66774FD2602C6FB008AE509 /* Build configuration list for PBXProject "Climascale" */ = {
			isa = XCConfigurationList;
			buildConfigurations = (
				B66775142602C6FC008AE509 /* Debug */,
				B66775152602C6FC008AE509 /* Release */,
			);
			defaultConfigurationIsVisible = 0;
			defaultConfigurationName = Release;
		};
		B66775162602C6FC008AE509 /* Build configuration list for PBXNativeTarget "Climascale" */ = {
			isa = XCConfigurationList;
			buildConfigurations = (
				B66775172602C6FC008AE509 /* Debug */,
				B66775182602C6FC008AE509 /* Release */,
			);
			defaultConfigurationIsVisible = 0;
			defaultConfigurationName = Release;
		};
/* End XCConfigurationList section */
	};
	rootObject = B66774FA2602C6FB008AE509 /* Project object */;
}
